
Microsoft Visual Studio Solution File, Format Version 12.00
# Visual Studio Version 17
VisualStudioVersion = 17.11.35222.181
MinimumVisualStudioVersion = 10.0.40219.1
Project("{9A19103F-16F7-4668-BE54-9A1E7A4F7556}") = "Mise.Domain", "Mise.Domain\Mise.Domain.csproj", "{E085E95B-3B87-4D7C-9568-2095A9209234}"
EndProject
Project("{9A19103F-16F7-4668-BE54-9A1E7A4F7556}") = "Mise.Application", "Mise.Application\Mise.Application.csproj", "{D21658CB-2361-40E5-A0F9-7FE1BEE19DF7}"
EndProject
Project("{9A19103F-16F7-4668-BE54-9A1E7A4F7556}") = "Mise.Infrastructure", "Mise.Infrastructure\Mise.Infrastructure.csproj", "{B2B25921-FD10-461A-A81F-63D425256F30}"
EndProject
Project("{FAE04EC0-301F-11D3-BF4B-00C04F79EFBC}") = "Mise.API", "Mise.API\Mise.API.csproj", "{054241BB-2ED4-414C-805F-DB42A1281608}"
EndProject
Global
	GlobalSection(SolutionConfigurationPlatforms) = preSolution
		Debug|Any CPU = Debug|Any CPU
		Release|Any CPU = Release|Any CPU
	EndGlobalSection
	GlobalSection(ProjectConfigurationPlatforms) = postSolution
		{E085E95B-3B87-4D7C-9568-2095A9209234}.Debug|Any CPU.ActiveCfg = Debug|Any CPU
		{E085E95B-3B87-4D7C-9568-2095A9209234}.Debug|Any CPU.Build.0 = Debug|Any CPU
		{E085E95B-3B87-4D7C-9568-2095A9209234}.Release|Any CPU.ActiveCfg = Release|Any CPU
		{E085E95B-3B87-4D7C-9568-2095A9209234}.Release|Any CPU.Build.0 = Release|Any CPU
		{D21658CB-2361-40E5-A0F9-7FE1BEE19DF7}.Debug|Any CPU.ActiveCfg = Debug|Any CPU
		{D21658CB-2361-40E5-A0F9-7FE1BEE19DF7}.Debug|Any CPU.Build.0 = Debug|Any CPU
		{D21658CB-2361-40E5-A0F9-7FE1BEE19DF7}.Release|Any CPU.ActiveCfg = Release|Any CPU
		{D21658CB-2361-40E5-A0F9-7FE1BEE19DF7}.Release|Any CPU.Build.0 = Release|Any CPU
		{B2B25921-FD10-461A-A81F-63D425256F30}.Debug|Any CPU.ActiveCfg = Debug|Any CPU
		{B2B25921-FD10-461A-A81F-63D425256F30}.Debug|Any CPU.Build.0 = Debug|Any CPU
		{B2B25921-FD10-461A-A81F-63D425256F30}.Release|Any CPU.ActiveCfg = Release|Any CPU
		{B2B25921-FD10-461A-A81F-63D425256F30}.Release|Any CPU.Build.0 = Release|Any CPU
		{054241BB-2ED4-414C-805F-DB42A1281608}.Debug|Any CPU.ActiveCfg = Debug|Any CPU
		{054241BB-2ED4-414C-805F-DB42A1281608}.Debug|Any CPU.Build.0 = Debug|Any CPU
		{054241BB-2ED4-414C-805F-DB42A1281608}.Release|Any CPU.ActiveCfg = Release|Any CPU
		{054241BB-2ED4-414C-805F-DB42A1281608}.Release|Any CPU.Build.0 = Release|Any CPU
	EndGlobalSection
	GlobalSection(SolutionProperties) = preSolution
		HideSolutionNode = FALSE
	EndGlobalSection
	GlobalSection(ExtensibilityGlobals) = postSolution
		SolutionGuid = {FDBFF075-5F87-4A06-ADEF-BC213EA0B596}
	EndGlobalSection
EndGlobal
